version = 1
revision = 3
requires-python = "==3.10.6"

[[package]]
name = "altgraph"
version = "0.17.4"
source = { registry = "https://pypi.org/simple" }
sdist = { url = "https://files.pythonhosted.org/packages/de/a8/7145824cf0b9e3c28046520480f207df47e927df83aa9555fb47f8505922/altgraph-0.17.4.tar.gz", hash = "sha256:1b5afbb98f6c4dcadb2e2ae6ab9fa994bbb8c1d75f4fa96d340f9437ae454406", size = 48418, upload-time = "2023-09-25T09:04:52.164Z" }
wheels = [
    { url = "https://files.pythonhosted.org/packages/4d/3f/3bc3f1d83f6e4a7fcb834d3720544ca597590425be5ba9db032b2bf322a2/altgraph-0.17.4-py2.py3-none-any.whl", hash = "sha256:642743b4750de17e655e6711601b077bc6598dbfa3ba5fa2b2a35ce12b508dff", size = 21212, upload-time = "2023-09-25T09:04:50.691Z" },
]

[[package]]
name = "annotated-types"
version = "0.6.0"
source = { registry = "https://pypi.org/simple" }
sdist = { url = "https://files.pythonhosted.org/packages/67/fe/8c7b275824c6d2cd17c93ee85d0ee81c090285b6d52f4876ccc47cf9c3c4/annotated_types-0.6.0.tar.gz", hash = "sha256:563339e807e53ffd9c267e99fc6d9ea23eb8443c08f112651963e24e22f84a5d", size = 14670, upload-time = "2023-10-06T18:53:19.389Z" }
wheels = [
    { url = "https://files.pythonhosted.org/packages/28/78/d31230046e58c207284c6b2c4e8d96e6d3cb4e52354721b944d3e1ee4aa5/annotated_types-0.6.0-py3-none-any.whl", hash = "sha256:0641064de18ba7a25dee8f96403ebc39113d0cb953a01429249d5c7564666a43", size = 12360, upload-time = "2023-10-06T18:53:18.027Z" },
]

[[package]]
name = "certifi"
version = "2024.2.2"
source = { registry = "https://pypi.org/simple" }
sdist = { url = "https://files.pythonhosted.org/packages/71/da/e94e26401b62acd6d91df2b52954aceb7f561743aa5ccc32152886c76c96/certifi-2024.2.2.tar.gz", hash = "sha256:0569859f95fc761b18b45ef421b1290a0f65f147e92a1e5eb3e635f9a5e4e66f", size = 164886, upload-time = "2024-02-02T01:22:17.364Z" }
wheels = [
    { url = "https://files.pythonhosted.org/packages/ba/06/a07f096c664aeb9f01624f858c3add0a4e913d6c96257acb4fce61e7de14/certifi-2024.2.2-py3-none-any.whl", hash = "sha256:dc383c07b76109f368f6106eee2b593b04a011ea4d55f652c6ca24a754d1cdd1", size = 163774, upload-time = "2024-02-02T01:22:14.86Z" },
]

[[package]]
name = "charset-normalizer"
version = "3.3.2"
source = { registry = "https://pypi.org/simple" }
sdist = { url = "https://files.pythonhosted.org/packages/63/09/c1bc53dab74b1816a00d8d030de5bf98f724c52c1635e07681d312f20be8/charset-normalizer-3.3.2.tar.gz", hash = "sha256:f30c3cb33b24454a82faecaf01b19c18562b1e89558fb6c56de4d9118a032fd5", size = 104809, upload-time = "2023-11-01T04:04:59.997Z" }
wheels = [
    { url = "https://files.pythonhosted.org/packages/2b/61/095a0aa1a84d1481998b534177c8566fdc50bb1233ea9a0478cd3cc075bd/charset_normalizer-3.3.2-cp310-cp310-macosx_10_9_universal2.whl", hash = "sha256:25baf083bf6f6b341f4121c2f3c548875ee6f5339300e08be3f2b2ba1721cdd3", size = 194219, upload-time = "2023-11-01T04:02:29.048Z" },
    { url = "https://files.pythonhosted.org/packages/cc/94/f7cf5e5134175de79ad2059edf2adce18e0685ebdb9227ff0139975d0e93/charset_normalizer-3.3.2-cp310-cp310-macosx_10_9_x86_64.whl", hash = "sha256:06435b539f889b1f6f4ac1758871aae42dc3a8c0e24ac9e60c2384973ad73027", size = 122521, upload-time = "2023-11-01T04:02:32.452Z" },
    { url = "https://files.pythonhosted.org/packages/46/6a/d5c26c41c49b546860cc1acabdddf48b0b3fb2685f4f5617ac59261b44ae/charset_normalizer-3.3.2-cp310-cp310-macosx_11_0_arm64.whl", hash = "sha256:9063e24fdb1e498ab71cb7419e24622516c4a04476b17a2dab57e8baa30d6e03", size = 120383, upload-time = "2023-11-01T04:02:34.11Z" },
    { url = "https://files.pythonhosted.org/packages/b8/60/e2f67915a51be59d4539ed189eb0a2b0d292bf79270410746becb32bc2c3/charset_normalizer-3.3.2-cp310-cp310-manylinux_2_17_aarch64.manylinux2014_aarch64.whl", hash = "sha256:6897af51655e3691ff853668779c7bad41579facacf5fd7253b0133308cf000d", size = 138223, upload-time = "2023-11-01T04:02:36.213Z" },
    { url = "https://files.pythonhosted.org/packages/05/8c/eb854996d5fef5e4f33ad56927ad053d04dc820e4a3d39023f35cad72617/charset_normalizer-3.3.2-cp310-cp310-manylinux_2_17_ppc64le.manylinux2014_ppc64le.whl", hash = "sha256:1d3193f4a680c64b4b6a9115943538edb896edc190f0b222e73761716519268e", size = 148101, upload-time = "2023-11-01T04:02:38.067Z" },
    { url = "https://files.pythonhosted.org/packages/f6/93/bb6cbeec3bf9da9b2eba458c15966658d1daa8b982c642f81c93ad9b40e1/charset_normalizer-3.3.2-cp310-cp310-manylinux_2_17_s390x.manylinux2014_s390x.whl", hash = "sha256:cd70574b12bb8a4d2aaa0094515df2463cb429d8536cfb6c7ce983246983e5a6", size = 140699, upload-time = "2023-11-01T04:02:39.436Z" },
    { url = "https://files.pythonhosted.org/packages/da/f1/3702ba2a7470666a62fd81c58a4c40be00670e5006a67f4d626e57f013ae/charset_normalizer-3.3.2-cp310-cp310-manylinux_2_17_x86_64.manylinux2014_x86_64.whl", hash = "sha256:8465322196c8b4d7ab6d1e049e4c5cb460d0394da4a27d23cc242fbf0034b6b5", size = 142065, upload-time = "2023-11-01T04:02:41.357Z" },
    { url = "https://files.pythonhosted.org/packages/3f/ba/3f5e7be00b215fa10e13d64b1f6237eb6ebea66676a41b2bcdd09fe74323/charset_normalizer-3.3.2-cp310-cp310-manylinux_2_5_i686.manylinux1_i686.manylinux_2_17_i686.manylinux2014_i686.whl", hash = "sha256:a9a8e9031d613fd2009c182b69c7b2c1ef8239a0efb1df3f7c8da66d5dd3d537", size = 144505, upload-time = "2023-11-01T04:02:43.108Z" },
    { url = "https://files.pythonhosted.org/packages/33/c3/3b96a435c5109dd5b6adc8a59ba1d678b302a97938f032e3770cc84cd354/charset_normalizer-3.3.2-cp310-cp310-musllinux_1_1_aarch64.whl", hash = "sha256:beb58fe5cdb101e3a055192ac291b7a21e3b7ef4f67fa1d74e331a7f2124341c", size = 139425, upload-time = "2023-11-01T04:02:45.427Z" },
    { url = "https://files.pythonhosted.org/packages/43/05/3bf613e719efe68fb3a77f9c536a389f35b95d75424b96b426a47a45ef1d/charset_normalizer-3.3.2-cp310-cp310-musllinux_1_1_i686.whl", hash = "sha256:e06ed3eb3218bc64786f7db41917d4e686cc4856944f53d5bdf83a6884432e12", size = 145287, upload-time = "2023-11-01T04:02:46.705Z" },
    { url = "https://files.pythonhosted.org/packages/58/78/a0bc646900994df12e07b4ae5c713f2b3e5998f58b9d3720cce2aa45652f/charset_normalizer-3.3.2-cp310-cp310-musllinux_1_1_ppc64le.whl", hash = "sha256:2e81c7b9c8979ce92ed306c249d46894776a909505d8f5a4ba55b14206e3222f", size = 149929, upload-time = "2023-11-01T04:02:48.098Z" },
    { url = "https://files.pythonhosted.org/packages/eb/5c/97d97248af4920bc68687d9c3b3c0f47c910e21a8ff80af4565a576bd2f0/charset_normalizer-3.3.2-cp310-cp310-musllinux_1_1_s390x.whl", hash = "sha256:572c3763a264ba47b3cf708a44ce965d98555f618ca42c926a9c1616d8f34269", size = 141605, upload-time = "2023-11-01T04:02:49.605Z" },
    { url = "https://files.pythonhosted.org/packages/a8/31/47d018ef89f95b8aded95c589a77c072c55e94b50a41aa99c0a2008a45a4/charset_normalizer-3.3.2-cp310-cp310-musllinux_1_1_x86_64.whl", hash = "sha256:fd1abc0d89e30cc4e02e4064dc67fcc51bd941eb395c502aac3ec19fab46b519", size = 142646, upload-time = "2023-11-01T04:02:51.35Z" },
    { url = "https://files.pythonhosted.org/packages/ae/d5/4fecf1d58bedb1340a50f165ba1c7ddc0400252d6832ff619c4568b36cc0/charset_normalizer-3.3.2-cp310-cp310-win32.whl", hash = "sha256:3d47fa203a7bd9c5b6cee4736ee84ca03b8ef23193c0d1ca99b5089f72645c73", size = 92846, upload-time = "2023-11-01T04:02:52.679Z" },
    { url = "https://files.pythonhosted.org/packages/a2/a0/4af29e22cb5942488cf45630cbdd7cefd908768e69bdd90280842e4e8529/charset_normalizer-3.3.2-cp310-cp310-win_amd64.whl", hash = "sha256:10955842570876604d404661fbccbc9c7e684caf432c09c715ec38fbae45ae09", size = 100343, upload-time = "2023-11-01T04:02:53.915Z" },
    { url = "https://files.pythonhosted.org/packages/28/76/e6222113b83e3622caa4bb41032d0b1bf785250607392e1b778aca0b8a7d/charset_normalizer-3.3.2-py3-none-any.whl", hash = "sha256:3e4d1f6587322d2788836a99c69062fbb091331ec940e02d12d179c1d53e25fc", size = 48543, upload-time = "2023-11-01T04:04:58.622Z" },
]

[[package]]
name = "click"
version = "8.1.7"
source = { registry = "https://pypi.org/simple" }
dependencies = [
    { name = "colorama", marker = "sys_platform == 'win32'" },
]
sdist = { url = "https://files.pythonhosted.org/packages/96/d3/f04c7bfcf5c1862a2a5b845c6b2b360488cf47af55dfa79c98f6a6bf98b5/click-8.1.7.tar.gz", hash = "sha256:ca9853ad459e787e2192211578cc907e7594e294c7ccc834310722b41b9ca6de", size = 336121, upload-time = "2023-08-17T17:29:11.868Z" }
wheels = [
    { url = "https://files.pythonhosted.org/packages/00/2e/d53fa4befbf2cfa713304affc7ca780ce4fc1fd8710527771b58311a3229/click-8.1.7-py3-none-any.whl", hash = "sha256:ae74fb96c20a0277a1d615f1e4d73c8414f5a98db8b799a7931d1582f3390c28", size = 97941, upload-time = "2023-08-17T17:29:10.08Z" },
]

[[package]]
name = "colorama"
version = "0.4.6"
source = { registry = "https://pypi.org/simple" }
sdist = { url = "https://files.pythonhosted.org/packages/d8/53/6f443c9a4a8358a93a6792e2acffb9d9d5cb0a5cfd8802644b7b1c9a02e4/colorama-0.4.6.tar.gz", hash = "sha256:08695f5cb7ed6e0531a20572697297273c47b8cae5a63ffc6d6ed5c201be6e44", size = 27697, upload-time = "2022-10-25T02:36:22.414Z" }
wheels = [
    { url = "https://files.pythonhosted.org/packages/d1/d6/3965ed04c63042e047cb6a3e6ed1a63a35087b6a609aa3a15ed8ac56c221/colorama-0.4.6-py2.py3-none-any.whl", hash = "sha256:4f1d9991f5acc0ca119f9d443620b77f9d6b33703e51011c16baf57afb285fc6", size = 25335, upload-time = "2022-10-25T02:36:20.889Z" },
]

[[package]]
name = "debugpy"
version = "1.8.1"
source = { registry = "https://pypi.org/simple" }
sdist = { url = "https://files.pythonhosted.org/packages/5e/c7/a18e15ed2e53f86de2e1c4162a54ddf1c4f4cee5ca40270c14725ccdd8ff/debugpy-1.8.1.zip", hash = "sha256:f696d6be15be87aef621917585f9bb94b1dc9e8aced570db1b8a6fc14e8f9b42", size = 4619053, upload-time = "2024-02-08T22:57:03.211Z" }
wheels = [
    { url = "https://files.pythonhosted.org/packages/4d/00/629fd2ba18483496482fd4b640c59b904238472c004036f331729753c63c/debugpy-1.8.1-cp310-cp310-macosx_11_0_x86_64.whl", hash = "sha256:3bda0f1e943d386cc7a0e71bfa59f4137909e2ed947fb3946c506e113000f741", size = 1714331, upload-time = "2024-02-08T22:55:46.557Z" },
    { url = "https://files.pythonhosted.org/packages/7a/27/78d5cf9c7aba43f8341e78273ab776913d2d33beb581ec39b65e56a0db77/debugpy-1.8.1-cp310-cp310-manylinux_2_17_x86_64.manylinux2014_x86_64.whl", hash = "sha256:dda73bf69ea479c8577a0448f8c707691152e6c4de7f0c4dec5a4bc11dee516e", size = 2998681, upload-time = "2024-02-08T22:55:49.891Z" },
    { url = "https://files.pythonhosted.org/packages/ee/28/69b62b9e21d0e8d5ad45e5c0323f921a00ccc436bf144940b084fb898d86/debugpy-1.8.1-cp310-cp310-win32.whl", hash = "sha256:3a79c6f62adef994b2dbe9fc2cc9cc3864a23575b6e387339ab739873bea53d0", size = 4771701, upload-time = "2024-02-08T22:55:52.868Z" },
    { url = "https://files.pythonhosted.org/packages/a2/81/408eecc856b931b4db262bd3402534d815e22dc7ebcfdc333cb57e69e9f9/debugpy-1.8.1-cp310-cp310-win_amd64.whl", hash = "sha256:7eb7bd2b56ea3bedb009616d9e2f64aab8fc7000d481faec3cd26c98a964bcdd", size = 4796491, upload-time = "2024-02-08T22:55:57.147Z" },
    { url = "https://files.pythonhosted.org/packages/57/ab/6df7e24db51e1db642a5ea1759d44fb656251253995a27deb37af9b192ae/debugpy-1.8.1-py2.py3-none-any.whl", hash = "sha256:28acbe2241222b87e255260c76741e1fbf04fdc3b6d094fcf57b6c6f75ce1242", size = 4832569, upload-time = "2024-02-08T22:56:58.759Z" },
]

[[package]]
name = "exceptiongroup"
version = "1.2.1"
source = { registry = "https://pypi.org/simple" }
sdist = { url = "https://files.pythonhosted.org/packages/a0/65/d66b7fbaef021b3c954b3bbb196d21d8a4b97918ea524f82cfae474215af/exceptiongroup-1.2.1.tar.gz", hash = "sha256:a4785e48b045528f5bfe627b6ad554ff32def154f42372786903b7abcfe1aa16", size = 28717, upload-time = "2024-04-18T21:19:14.118Z" }
wheels = [
    { url = "https://files.pythonhosted.org/packages/01/90/79fe92dd413a9cab314ef5c591b5aa9b9ba787ae4cadab75055b0ae00b33/exceptiongroup-1.2.1-py3-none-any.whl", hash = "sha256:5258b9ed329c5bbdd31a309f53cbfb0b155341807f6ff7606a1e801a891b29ad", size = 16458, upload-time = "2024-04-18T21:19:11.799Z" },
]

[[package]]
name = "idna"
version = "3.6"
source = { registry = "https://pypi.org/simple" }
sdist = { url = "https://files.pythonhosted.org/packages/bf/3f/ea4b9117521a1e9c50344b909be7886dd00a519552724809bb1f486986c2/idna-3.6.tar.gz", hash = "sha256:9ecdbbd083b06798ae1e86adcbfe8ab1479cf864e4ee30fe4e46a003d12491ca", size = 175426, upload-time = "2023-11-25T15:40:54.902Z" }
wheels = [
    { url = "https://files.pythonhosted.org/packages/c2/e7/a82b05cf63a603df6e68d59ae6a68bf5064484a0718ea5033660af4b54a9/idna-3.6-py3-none-any.whl", hash = "sha256:c05567e9c24a6b9faaa835c4821bad0590fbb9d5779e7caa6e1cc4978e7eb24f", size = 61567, upload-time = "2023-11-25T15:40:52.604Z" },
]

[[package]]
name = "iniconfig"
version = "2.0.0"
source = { registry = "https://pypi.org/simple" }
sdist = { url = "https://files.pythonhosted.org/packages/d7/4b/cbd8e699e64a6f16ca3a8220661b5f83792b3017d0f79807cb8708d33913/iniconfig-2.0.0.tar.gz", hash = "sha256:2d91e135bf72d31a410b17c16da610a82cb55f6b0477d1a902134b24a455b8b3", size = 4646, upload-time = "2023-01-07T11:08:11.254Z" }
wheels = [
    { url = "https://files.pythonhosted.org/packages/ef/a6/62565a6e1cf69e10f5727360368e451d4b7f58beeac6173dc9db836a5b46/iniconfig-2.0.0-py3-none-any.whl", hash = "sha256:b6a85871a79d2e3b22d2d1b94ac2824226a63c6b741c88f7ae975f18b6778374", size = 5892, upload-time = "2023-01-07T11:08:09.864Z" },
]

[[package]]
name = "lumos"
version = "2.1.2"
source = { virtual = "." }
dependencies = [
    { name = "annotated-types" },
    { name = "certifi" },
    { name = "charset-normalizer" },
    { name = "click" },
    { name = "colorama" },
    { name = "idna" },
    { name = "pick" },
    { name = "pydantic" },
    { name = "pydantic-core" },
    { name = "pyinstaller" },
    { name = "pytest" },
    { name = "pytz" },
    { name = "requests" },
    { name = "shellingham" },
    { name = "tabulate" },
    { name = "typer" },
    { name = "types-pytz" },
    { name = "types-requests" },
    { name = "types-tabulate" },
    { name = "typing-extensions" },
    { name = "urllib3" },
]

[package.dev-dependencies]
dev = [
    { name = "debugpy" },
]

[package.metadata]
requires-dist = [
    { name = "annotated-types", specifier = "==0.6.0" },
    { name = "certifi", specifier = "==2024.2.2" },
    { name = "charset-normalizer", specifier = "==3.3.2" },
    { name = "click", specifier = "==8.1.7" },
    { name = "colorama", specifier = "==0.4.6" },
    { name = "idna", specifier = "==3.6" },
    { name = "pick", specifier = "==2.2.0" },
    { name = "pydantic", specifier = "==2.6.1" },
    { name = "pydantic-core", specifier = "==2.16.2" },
    { name = "pyinstaller", specifier = ">=6.5.0,<7" },
    { name = "pytest", specifier = ">=8.2.2,<9" },
    { name = "pytz", specifier = "==2024.1" },
    { name = "requests", specifier = "==2.31.0" },
    { name = "shellingham", specifier = "==1.5.4" },
    { name = "tabulate", specifier = "==0.9.0" },
    { name = "typer", specifier = "==0.9.0" },
    { name = "types-pytz", specifier = "==2024.1.0.20240203" },
    { name = "types-requests", specifier = "==2.31.0.20240403" },
    { name = "types-tabulate", specifier = "==0.9.0.20240106" },
    { name = "typing-extensions", specifier = "==4.9.0" },
    { name = "typing-extensions", specifier = ">=3.7.4.3" },
    { name = "urllib3", specifier = "==2.2.0" },
]

[package.metadata.requires-dev]
dev = [{ name = "debugpy", specifier = ">=1.8.0,<2" }]

[[package]]
name = "macholib"
version = "1.16.3"
source = { registry = "https://pypi.org/simple" }
dependencies = [
    { name = "altgraph" },
]
sdist = { url = "https://files.pythonhosted.org/packages/95/ee/af1a3842bdd5902ce133bd246eb7ffd4375c38642aeb5dc0ae3a0329dfa2/macholib-1.16.3.tar.gz", hash = "sha256:07ae9e15e8e4cd9a788013d81f5908b3609aa76f9b1421bae9c4d7606ec86a30", size = 59309, upload-time = "2023-09-25T09:10:16.155Z" }
wheels = [
    { url = "https://files.pythonhosted.org/packages/d1/5d/c059c180c84f7962db0aeae7c3b9303ed1d73d76f2bfbc32bc231c8be314/macholib-1.16.3-py2.py3-none-any.whl", hash = "sha256:0e315d7583d38b8c77e815b1ecbdbf504a8258d8b3e17b61165c6feb60d18f2c", size = 38094, upload-time = "2023-09-25T09:10:14.188Z" },
]

[[package]]
name = "packaging"
version = "24.0"
source = { registry = "https://pypi.org/simple" }
sdist = { url = "https://files.pythonhosted.org/packages/ee/b5/b43a27ac7472e1818c4bafd44430e69605baefe1f34440593e0332ec8b4d/packaging-24.0.tar.gz", hash = "sha256:eb82c5e3e56209074766e6885bb04b8c38a0c015d0a30036ebe7ece34c9989e9", size = 147882, upload-time = "2024-03-10T09:39:28.33Z" }
wheels = [
    { url = "https://files.pythonhosted.org/packages/49/df/1fceb2f8900f8639e278b056416d49134fb8d84c5942ffaa01ad34782422/packaging-24.0-py3-none-any.whl", hash = "sha256:2ddfb553fdf02fb784c234c7ba6ccc288296ceabec964ad2eae3777778130bc5", size = 53488, upload-time = "2024-03-10T09:39:25.947Z" },
]

[[package]]
name = "pefile"
version = "2023.2.7"
source = { registry = "https://pypi.org/simple" }
sdist = { url = "https://files.pythonhosted.org/packages/78/c5/3b3c62223f72e2360737fd2a57c30e5b2adecd85e70276879609a7403334/pefile-2023.2.7.tar.gz", hash = "sha256:82e6114004b3d6911c77c3953e3838654b04511b8b66e8583db70c65998017dc", size = 74854, upload-time = "2023-02-07T12:23:55.958Z" }
wheels = [
    { url = "https://files.pythonhosted.org/packages/55/26/d0ad8b448476d0a1e8d3ea5622dc77b916db84c6aa3cb1e1c0965af948fc/pefile-2023.2.7-py3-none-any.whl", hash = "sha256:da185cd2af68c08a6cd4481f7325ed600a88f6a813bad9dea07ab3ef73d8d8d6", size = 71791, upload-time = "2023-02-07T12:28:36.678Z" },
]

[[package]]
name = "pick"
version = "2.2.0"
source = { registry = "https://pypi.org/simple" }
dependencies = [
    { name = "windows-curses", marker = "sys_platform == 'win32'" },
]
sdist = { url = "https://files.pythonhosted.org/packages/5f/08/45f5bda20b9ad318c1cbeb911e9995e7357d4ae93cbfaccc8f2e40e96ec4/pick-2.2.0.tar.gz", hash = "sha256:96920ebcfb9b8b6c2e50d9f211a700e5036611904169587a5a9245a645637a0d", size = 4925, upload-time = "2022-11-21T06:27:36.609Z" }
wheels = [
    { url = "https://files.pythonhosted.org/packages/d6/e8/67bd33eeeb1aad2013fa24b3e94c874a901337b86c52a0ac3764f12a86e1/pick-2.2.0-py3-none-any.whl", hash = "sha256:d301f358ee8eabe501795bb38a5160e05db68c0a89eb7ba38c7b667fc4673c8d", size = 4880, upload-time = "2022-11-21T06:27:34.256Z" },
]

[[package]]
name = "pluggy"
version = "1.5.0"
source = { registry = "https://pypi.org/simple" }
sdist = { url = "https://files.pythonhosted.org/packages/96/2d/02d4312c973c6050a18b314a5ad0b3210edb65a906f868e31c111dede4a6/pluggy-1.5.0.tar.gz", hash = "sha256:2cffa88e94fdc978c4c574f15f9e59b7f4201d439195c3715ca9e2486f1d0cf1", size = 67955, upload-time = "2024-04-20T21:34:42.531Z" }
wheels = [
    { url = "https://files.pythonhosted.org/packages/88/5f/e351af9a41f866ac3f1fac4ca0613908d9a41741cfcf2228f4ad853b697d/pluggy-1.5.0-py3-none-any.whl", hash = "sha256:44e1ad92c8ca002de6377e165f3e0f1be63266ab4d554740532335b9d75ea669", size = 20556, upload-time = "2024-04-20T21:34:40.434Z" },
]

[[package]]
name = "pydantic"
version = "2.6.1"
source = { registry = "https://pypi.org/simple" }
dependencies = [
    { name = "annotated-types" },
    { name = "pydantic-core" },
    { name = "typing-extensions" },
]
sdist = { url = "https://files.pythonhosted.org/packages/73/27/a17cc261bb974e929aa3b3365577e43c1c71c3dcd8669250613a7135cb8f/pydantic-2.6.1.tar.gz", hash = "sha256:4fd5c182a2488dc63e6d32737ff19937888001e2a6d86e94b3f233104a5d1fa9", size = 679826, upload-time = "2024-02-05T14:12:43.4Z" }
wheels = [
    { url = "https://files.pythonhosted.org/packages/db/dc/afecbd9650f486889181c6d1a0d675b580c06253ea7e304588e4c7485bdb/pydantic-2.6.1-py3-none-any.whl", hash = "sha256:0b6a909df3192245cb736509a92ff69e4fef76116feffec68e93a567347bae6f", size = 394808, upload-time = "2024-02-05T14:12:40.176Z" },
]

[[package]]
name = "pydantic-core"
version = "2.16.2"
source = { registry = "https://pypi.org/simple" }
dependencies = [
    { name = "typing-extensions" },
]
sdist = { url = "https://files.pythonhosted.org/packages/0d/72/64550ef171432f97d046118a9869ad774925c2f442589d5f6164b8288e85/pydantic_core-2.16.2.tar.gz", hash = "sha256:0ba503850d8b8dcc18391f10de896ae51d37fe5fe43dbfb6a35c5c5cad271a06", size = 368903, upload-time = "2024-02-02T18:41:03.215Z" }
wheels = [
    { url = "https://files.pythonhosted.org/packages/8b/5d/dedd6f9d99d62cc8538196086104c7b65468bcdca820b66adf31e08a660b/pydantic_core-2.16.2-cp310-cp310-macosx_10_12_x86_64.whl", hash = "sha256:3fab4e75b8c525a4776e7630b9ee48aea50107fea6ca9f593c98da3f4d11bf7c", size = 1930689, upload-time = "2024-02-02T18:37:58.545Z" },
    { url = "https://files.pythonhosted.org/packages/b2/92/26a9f7ca3d9f48646108170cb4bb05fa0666f51200aa3caac733f701feb7/pydantic_core-2.16.2-cp310-cp310-macosx_11_0_arm64.whl", hash = "sha256:8bde5b48c65b8e807409e6f20baee5d2cd880e0fad00b1a811ebc43e39a00ab2", size = 1744389, upload-time = "2024-02-02T18:38:01.212Z" },
    { url = "https://files.pythonhosted.org/packages/67/37/0fdf6db370b2d7e1c661ed742f7c2763245e99ba9929b2ba7a2ea05f8752/pydantic_core-2.16.2-cp310-cp310-manylinux_2_17_aarch64.manylinux2014_aarch64.whl", hash = "sha256:2924b89b16420712e9bb8192396026a8fbd6d8726224f918353ac19c4c043d2a", size = 1892668, upload-time = "2024-02-02T18:38:04.056Z" },
    { url = "https://files.pythonhosted.org/packages/ba/6e/afc3f47de6c9615f801fa1c3fe01056844ab427801668edfeaaf5636544e/pydantic_core-2.16.2-cp310-cp310-manylinux_2_17_armv7l.manylinux2014_armv7l.whl", hash = "sha256:16aa02e7a0f539098e215fc193c8926c897175d64c7926d00a36188917717a05", size = 1914751, upload-time = "2024-02-02T18:38:06.445Z" },
    { url = "https://files.pythonhosted.org/packages/c0/62/48b8b53e2546207b011fc4fdc93e8164939f2941b6ee2b08b54dd9b60bc1/pydantic_core-2.16.2-cp310-cp310-manylinux_2_17_ppc64le.manylinux2014_ppc64le.whl", hash = "sha256:936a787f83db1f2115ee829dd615c4f684ee48ac4de5779ab4300994d8af325b", size = 2058742, upload-time = "2024-02-02T18:38:08.375Z" },
    { url = "https://files.pythonhosted.org/packages/00/70/d9bcb222063d11536900c8ddad5498a4b7075c164e3d08c61b984f0cd376/pydantic_core-2.16.2-cp310-cp310-manylinux_2_17_s390x.manylinux2014_s390x.whl", hash = "sha256:459d6be6134ce3b38e0ef76f8a672924460c455d45f1ad8fdade36796df1ddc8", size = 3249857, upload-time = "2024-02-02T18:38:10.771Z" },
    { url = "https://files.pythonhosted.org/packages/50/5e/2978d9f0e8d0cfd78e22115c028a41e0599e3d684e5aef7ed9bd18fcbd0c/pydantic_core-2.16.2-cp310-cp310-manylinux_2_17_x86_64.manylinux2014_x86_64.whl", hash = "sha256:4f9ee4febb249c591d07b2d4dd36ebcad0ccd128962aaa1801508320896575ef", size = 2184694, upload-time = "2024-02-02T18:38:13.054Z" },
    { url = "https://files.pythonhosted.org/packages/6b/99/9b68110bb92006d951fc74dbc2597d6e74b8a72db5313a7130a34476e366/pydantic_core-2.16.2-cp310-cp310-manylinux_2_5_i686.manylinux1_i686.whl", hash = "sha256:40a0bd0bed96dae5712dab2aba7d334a6c67cbcac2ddfca7dbcc4a8176445990", size = 1969332, upload-time = "2024-02-02T18:38:15.316Z" },
    { url = "https://files.pythonhosted.org/packages/52/03/24d565538367c5dd85ae6dae88189d0cbbbbe253d809bed17ef2fb6688a4/pydantic_core-2.16.2-cp310-cp310-musllinux_1_1_aarch64.whl", hash = "sha256:870dbfa94de9b8866b37b867a2cb37a60c401d9deb4a9ea392abf11a1f98037b", size = 2069099, upload-time = "2024-02-02T18:38:17.728Z" },
    { url = "https://files.pythonhosted.org/packages/7f/1e/c60125729e5c65caf8854bf9d6844750e9f720641556ddad82b22b3f81ae/pydantic_core-2.16.2-cp310-cp310-musllinux_1_1_x86_64.whl", hash = "sha256:308974fdf98046db28440eb3377abba274808bf66262e042c412eb2adf852731", size = 2197479, upload-time = "2024-02-02T18:38:19.432Z" },
    { url = "https://files.pythonhosted.org/packages/03/45/65470fccd757f6604cc7f370ecd62e25a10aa95f1cd8cdd02909c9c79222/pydantic_core-2.16.2-cp310-none-win32.whl", hash = "sha256:a477932664d9611d7a0816cc3c0eb1f8856f8a42435488280dfbf4395e141485", size = 1761106, upload-time = "2024-02-02T18:38:21.799Z" },
    { url = "https://files.pythonhosted.org/packages/48/c5/1da3d25f633a3448f0db6d98ada18ef71f0b93eb6dab68c9685204e5957f/pydantic_core-2.16.2-cp310-none-win_amd64.whl", hash = "sha256:8f9142a6ed83d90c94a3efd7af8873bf7cefed2d3d44387bf848888482e2d25f", size = 1895137, upload-time = "2024-02-02T18:38:24.113Z" },
    { url = "https://files.pythonhosted.org/packages/66/38/50d6740475c4b1a6ade1f2d99a015f02f90fc750b8c2452f9aaf7b5bb82b/pydantic_core-2.16.2-pp310-pypy310_pp73-macosx_10_12_x86_64.whl", hash = "sha256:5f60f920691a620b03082692c378661947d09415743e437a7478c309eb0e4f82", size = 1929593, upload-time = "2024-02-02T18:40:21.784Z" },
    { url = "https://files.pythonhosted.org/packages/4d/77/b56b8c3280c8fc84b531f239ab271cf7aba43622791b7c83a94130313901/pydantic_core-2.16.2-pp310-pypy310_pp73-macosx_11_0_arm64.whl", hash = "sha256:47924039e785a04d4a4fa49455e51b4eb3422d6eaacfde9fc9abf8fdef164e8a", size = 1804188, upload-time = "2024-02-02T18:40:25.411Z" },
    { url = "https://files.pythonhosted.org/packages/90/80/dc6ddaa839467d0755bc846495954035d9dcf25a7200bae2177e90e3b6f8/pydantic_core-2.16.2-pp310-pypy310_pp73-manylinux_2_17_aarch64.manylinux2014_aarch64.whl", hash = "sha256:e6294e76b0380bb7a61eb8a39273c40b20beb35e8c87ee101062834ced19c545", size = 1897714, upload-time = "2024-02-02T18:40:28.015Z" },
    { url = "https://files.pythonhosted.org/packages/17/a8/9d984ccc8015bfe2467e43170e932dc9d92ac8cd63e16fbd7f1726b39882/pydantic_core-2.16.2-pp310-pypy310_pp73-manylinux_2_17_x86_64.manylinux2014_x86_64.whl", hash = "sha256:fe56851c3f1d6f5384b3051c536cc81b3a93a73faf931f404fef95217cf1e10d", size = 2028025, upload-time = "2024-02-02T18:40:30.445Z" },
    { url = "https://files.pythonhosted.org/packages/a6/f6/92e35ee12ab88ea299f6793bd4d15cc884204e500541cb9a7b9f8074506d/pydantic_core-2.16.2-pp310-pypy310_pp73-manylinux_2_5_i686.manylinux1_i686.whl", hash = "sha256:9d776d30cde7e541b8180103c3f294ef7c1862fd45d81738d156d00551005784", size = 1966182, upload-time = "2024-02-02T18:40:32.77Z" },
    { url = "https://files.pythonhosted.org/packages/24/a8/51cc5bdda59ef82f3e8d9e90ef914eefcc275dac01f3148c319bf39fe5c2/pydantic_core-2.16.2-pp310-pypy310_pp73-musllinux_1_1_aarch64.whl", hash = "sha256:72f7919af5de5ecfaf1eba47bf9a5d8aa089a3340277276e5636d16ee97614d7", size = 2076054, upload-time = "2024-02-02T18:40:34.959Z" },
    { url = "https://files.pythonhosted.org/packages/60/23/91cc638638b7d170ccbfd2d1c3c51991e5e8f2994c839b04785f8c70515a/pydantic_core-2.16.2-pp310-pypy310_pp73-musllinux_1_1_x86_64.whl", hash = "sha256:4bfcbde6e06c56b30668a0c872d75a7ef3025dc3c1823a13cf29a0e9b33f67e8", size = 2200278, upload-time = "2024-02-02T18:40:37.256Z" },
    { url = "https://files.pythonhosted.org/packages/34/26/7628bb13e27c2bb2ec1f99911da4c88f80c69402136c9990ac9be5a92341/pydantic_core-2.16.2-pp310-pypy310_pp73-win_amd64.whl", hash = "sha256:ff7c97eb7a29aba230389a2661edf2e9e06ce616c7e35aa764879b6894a44b25", size = 2020553, upload-time = "2024-02-02T18:40:40.241Z" },
]

[[package]]
name = "pyinstaller"
version = "6.5.0"
source = { registry = "https://pypi.org/simple" }
dependencies = [
    { name = "altgraph" },
    { name = "macholib", marker = "sys_platform == 'darwin'" },
    { name = "packaging" },
    { name = "pefile", marker = "sys_platform == 'win32'" },
    { name = "pyinstaller-hooks-contrib" },
    { name = "pywin32-ctypes", marker = "sys_platform == 'win32'" },
    { name = "setuptools" },
]
sdist = { url = "https://files.pythonhosted.org/packages/6b/28/fd5fae03e5bc795ff1901bd8d82a7f6d1f7f2a40904cbbe574a31d31c9d7/pyinstaller-6.5.0.tar.gz", hash = "sha256:b1e55113c5a40cb7041c908a57f212f3ebd3e444dbb245ca2f91d86a76dabec5", size = 4166662, upload-time = "2024-03-09T20:28:58.406Z" }
wheels = [
    { url = "https://files.pythonhosted.org/packages/9b/eb/4f8b9a1fb66c2fee6a2c4e7ee131f17259803c8fcc9fe48cb1b62efe07f0/pyinstaller-6.5.0-py3-none-macosx_10_13_universal2.whl", hash = "sha256:81ec15c0deb8c7a0f95bea85b49eecc2df1bdeaf5fe487a41d97de6b0ad29dff", size = 956713, upload-time = "2024-03-09T20:27:42.922Z" },
    { url = "https://files.pythonhosted.org/packages/f4/97/89b3f0418d9b2b43dea2512d3b777c4a3c67e603c2b9369a0b651e83c7b4/pyinstaller-6.5.0-py3-none-manylinux2014_aarch64.whl", hash = "sha256:5f432f3fdef053989e0a44134e483131c533dab7637e6afd80c3f7c26e6dbcc9", size = 681028, upload-time = "2024-03-09T20:27:47.46Z" },
    { url = "https://files.pythonhosted.org/packages/28/2e/f14ee6138a7604b930446acb7671daa513d54c033f088b2945af8701339a/pyinstaller-6.5.0-py3-none-manylinux2014_i686.whl", hash = "sha256:6ffd76a0194dac4df5e66dcfccc7b597f3eaa40ef9a3f63548f260aa2c187512", size = 683259, upload-time = "2024-03-09T20:27:51.953Z" },
    { url = "https://files.pythonhosted.org/packages/37/14/846f2cbc10ad50723aa9c37a790d57f771d9b6a470dd44a84b77f636308d/pyinstaller-6.5.0-py3-none-manylinux2014_ppc64le.whl", hash = "sha256:a54968df2228f0128607b1dced41bbff94149d459987fb5cd1a41893e9bb85df", size = 687624, upload-time = "2024-03-09T20:28:06.44Z" },
    { url = "https://files.pythonhosted.org/packages/c6/7d/0808921a753eec6d37494377edbdc6c09cc86f1c8da5133ecc3a64add986/pyinstaller-6.5.0-py3-none-manylinux2014_s390x.whl", hash = "sha256:0dae0edbe6d667b6b0ccd8c97a148f86474a82da7ce582296f9025f4c7242ec6", size = 678856, upload-time = "2024-03-09T20:28:10.937Z" },
    { url = "https://files.pythonhosted.org/packages/96/09/5dbd9e24b9b1937532e9a6c6a5a2403f6af85272a88cb5f04224e0394bb4/pyinstaller-6.5.0-py3-none-manylinux2014_x86_64.whl", hash = "sha256:7c76bfcb624803c311fa8fb137e4780d0ec86d11b7d90a8f43f185e2554afdcc", size = 679633, upload-time = "2024-03-09T20:28:14.868Z" },
    { url = "https://files.pythonhosted.org/packages/24/55/decc77b42ddaac5f608e822c6da2ebbf608304c92680a0e89220466f382e/pyinstaller-6.5.0-py3-none-musllinux_1_1_aarch64.whl", hash = "sha256:6cfee8a74ea2d3a1dc8e99e732a87b314739dc14363778143caac31f8aee9039", size = 683040, upload-time = "2024-03-09T20:28:18.781Z" },
    { url = "https://files.pythonhosted.org/packages/cb/a7/5d6c8d4f00cdef804656c0fc0f59885f59dfac712cc12e29961c3495ea39/pyinstaller-6.5.0-py3-none-musllinux_1_1_x86_64.whl", hash = "sha256:9d828213aea5401bb33a36ca396f8dc76a59a25bce1d76a13c9ad94ba29fbe42", size = 680324, upload-time = "2024-03-09T20:28:23.279Z" },
    { url = "https://files.pythonhosted.org/packages/82/44/e0712778edde62d437cacf2fee4c34faca3c981b1f2c7a3469010f3f0284/pyinstaller-6.5.0-py3-none-win32.whl", hash = "sha256:61865eee5e0d8f8252722f6d001baec497b7cee79ebe62c33a6ba86ba0c7010d", size = 1241955, upload-time = "2024-03-09T20:28:29.145Z" },
    { url = "https://files.pythonhosted.org/packages/8d/28/d3b728e059dbaf2705563c593155f862fcd29eb6e5126690ef76572b76f3/pyinstaller-6.5.0-py3-none-win_amd64.whl", hash = "sha256:e1266498893ce1d6cc7337e8d2acbf7905a10ed2b7c8377270117d6b7b922fc4", size = 1306900, upload-time = "2024-03-09T20:28:35.809Z" },
    { url = "https://files.pythonhosted.org/packages/88/bf/9a3f070a67a4b0528b843a443ef658d37592222adf596caeabfb504d0fd1/pyinstaller-6.5.0-py3-none-win_arm64.whl", hash = "sha256:1b3b7d6d3b18d76a833fd5a4d7f4544c5e2c2a4db4a728ea191e62f69d5cc33c", size = 1233284, upload-time = "2024-03-09T20:28:41.658Z" },
]

[[package]]
name = "pyinstaller-hooks-contrib"
version = "2024.3"
source = { registry = "https://pypi.org/simple" }
dependencies = [
    { name = "packaging" },
    { name = "setuptools" },
]
sdist = { url = "https://files.pythonhosted.org/packages/63/e2/11b016c54e9c79d4027693241f3fbfe326006bc030f94c43363491d3ba98/pyinstaller-hooks-contrib-2024.3.tar.gz", hash = "sha256:d18657c29267c63563a96b8fc78db6ba9ae40af6702acb2f8c871df12c75b60b", size = 122374, upload-time = "2024-03-09T19:52:29.507Z" }
wheels = [
    { url = "https://files.pythonhosted.org/packages/d4/bc/7e593b05aecd3dcaa5a96ba567662ebae2384a27ae30d5aa03973249f19e/pyinstaller_hooks_contrib-2024.3-py2.py3-none-any.whl", hash = "sha256:6701752d525e1f4eda1eaec2c2affc206171e15c7a4e188a152fcf3ed3308024", size = 329025, upload-time = "2024-03-09T19:52:27.632Z" },
]

[[package]]
name = "pytest"
version = "8.2.2"
source = { registry = "https://pypi.org/simple" }
dependencies = [
    { name = "colorama", marker = "sys_platform == 'win32'" },
    { name = "exceptiongroup" },
    { name = "iniconfig" },
    { name = "packaging" },
    { name = "pluggy" },
    { name = "tomli" },
]
sdist = { url = "https://files.pythonhosted.org/packages/a6/58/e993ca5357553c966b9e73cb3475d9c935fe9488746e13ebdf9b80fae508/pytest-8.2.2.tar.gz", hash = "sha256:de4bb8104e201939ccdc688b27a89a7be2079b22e2bd2b07f806b6ba71117977", size = 1427980, upload-time = "2024-06-04T13:38:09.274Z" }
wheels = [
    { url = "https://files.pythonhosted.org/packages/4e/e7/81ebdd666d3bff6670d27349b5053605d83d55548e6bd5711f3b0ae7dd23/pytest-8.2.2-py3-none-any.whl", hash = "sha256:c434598117762e2bd304e526244f67bf66bbd7b5d6cf22138be51ff661980343", size = 339873, upload-time = "2024-06-04T13:38:05.285Z" },
]

[[package]]
name = "pytz"
version = "2024.1"
source = { registry = "https://pypi.org/simple" }
sdist = { url = "https://files.pythonhosted.org/packages/90/26/9f1f00a5d021fff16dee3de13d43e5e978f3d58928e129c3a62cf7eb9738/pytz-2024.1.tar.gz", hash = "sha256:2a29735ea9c18baf14b448846bde5a48030ed267578472d8955cd0e7443a9812", size = 316214, upload-time = "2024-02-02T01:18:41.693Z" }
wheels = [
    { url = "https://files.pythonhosted.org/packages/9c/3d/a121f284241f08268b21359bd425f7d4825cffc5ac5cd0e1b3d82ffd2b10/pytz-2024.1-py2.py3-none-any.whl", hash = "sha256:328171f4e3623139da4983451950b28e95ac706e13f3f2630a879749e7a8b319", size = 505474, upload-time = "2024-02-02T01:18:37.283Z" },
]

[[package]]
name = "pywin32-ctypes"
version = "0.2.2"
source = { registry = "https://pypi.org/simple" }
sdist = { url = "https://files.pythonhosted.org/packages/10/3d/0cfbca45201351fe8c09cca743403e6c2407892e256e25d126ad64dc6bb7/pywin32-ctypes-0.2.2.tar.gz", hash = "sha256:3426e063bdd5fd4df74a14fa3cf80a0b42845a87e1d1e81f6549f9daec593a60", size = 26950, upload-time = "2023-06-27T11:13:01.641Z" }
wheels = [
    { url = "https://files.pythonhosted.org/packages/a4/bc/78b2c00cc64c31dbb3be42a0e8600bcebc123ad338c3b714754d668c7c2d/pywin32_ctypes-0.2.2-py3-none-any.whl", hash = "sha256:bf490a1a709baf35d688fe0ecf980ed4de11d2b3e37b51e5442587a75d9957e7", size = 30152, upload-time = "2023-06-27T11:13:00.189Z" },
]

[[package]]
name = "requests"
version = "2.31.0"
source = { registry = "https://pypi.org/simple" }
dependencies = [
    { name = "certifi" },
    { name = "charset-normalizer" },
    { name = "idna" },
    { name = "urllib3" },
]
sdist = { url = "https://files.pythonhosted.org/packages/9d/be/10918a2eac4ae9f02f6cfe6414b7a155ccd8f7f9d4380d62fd5b955065c3/requests-2.31.0.tar.gz", hash = "sha256:942c5a758f98d790eaed1a29cb6eefc7ffb0d1cf7af05c3d2791656dbd6ad1e1", size = 110794, upload-time = "2023-05-22T15:12:44.175Z" }
wheels = [
    { url = "https://files.pythonhosted.org/packages/70/8e/0e2d847013cb52cd35b38c009bb167a1a26b2ce6cd6965bf26b47bc0bf44/requests-2.31.0-py3-none-any.whl", hash = "sha256:58cd2187c01e70e6e26505bca751777aa9f2ee0b7f4300988b709f44e013003f", size = 62574, upload-time = "2023-05-22T15:12:42.313Z" },
]

[[package]]
name = "setuptools"
version = "69.2.0"
source = { registry = "https://pypi.org/simple" }
sdist = { url = "https://files.pythonhosted.org/packages/4d/5b/dc575711b6b8f2f866131a40d053e30e962e633b332acf7cd2c24843d83d/setuptools-69.2.0.tar.gz", hash = "sha256:0ff4183f8f42cd8fa3acea16c45205521a4ef28f73c6391d8a25e92893134f2e", size = 2222950, upload-time = "2024-03-13T11:20:59.219Z" }
wheels = [
    { url = "https://files.pythonhosted.org/packages/92/e1/1c8bb3420105e70bdf357d57dd5567202b4ef8d27f810e98bb962d950834/setuptools-69.2.0-py3-none-any.whl", hash = "sha256:c21c49fb1042386df081cb5d86759792ab89efca84cf114889191cd09aacc80c", size = 821485, upload-time = "2024-03-13T11:20:54.103Z" },
]

[[package]]
name = "shellingham"
version = "1.5.4"
source = { registry = "https://pypi.org/simple" }
sdist = { url = "https://files.pythonhosted.org/packages/58/15/8b3609fd3830ef7b27b655beb4b4e9c62313a4e8da8c676e142cc210d58e/shellingham-1.5.4.tar.gz", hash = "sha256:8dbca0739d487e5bd35ab3ca4b36e11c4078f3a234bfce294b0a0291363404de", size = 10310, upload-time = "2023-10-24T04:13:40.426Z" }
wheels = [
    { url = "https://files.pythonhosted.org/packages/e0/f9/0595336914c5619e5f28a1fb793285925a8cd4b432c9da0a987836c7f822/shellingham-1.5.4-py2.py3-none-any.whl", hash = "sha256:7ecfff8f2fd72616f7481040475a65b2bf8af90a56c89140852d1120324e8686", size = 9755, upload-time = "2023-10-24T04:13:38.866Z" },
]

[[package]]
name = "tabulate"
version = "0.9.0"
source = { registry = "https://pypi.org/simple" }
sdist = { url = "https://files.pythonhosted.org/packages/ec/fe/802052aecb21e3797b8f7902564ab6ea0d60ff8ca23952079064155d1ae1/tabulate-0.9.0.tar.gz", hash = "sha256:0095b12bf5966de529c0feb1fa08671671b3368eec77d7ef7ab114be2c068b3c", size = 81090, upload-time = "2022-10-06T17:21:48.54Z" }
wheels = [
    { url = "https://files.pythonhosted.org/packages/40/44/4a5f08c96eb108af5cb50b41f76142f0afa346dfa99d5296fe7202a11854/tabulate-0.9.0-py3-none-any.whl", hash = "sha256:024ca478df22e9340661486f85298cff5f6dcdba14f3813e8830015b9ed1948f", size = 35252, upload-time = "2022-10-06T17:21:44.262Z" },
]

[[package]]
name = "tomli"
version = "2.0.1"
source = { registry = "https://pypi.org/simple" }
sdist = { url = "https://files.pythonhosted.org/packages/c0/3f/d7af728f075fb08564c5949a9c95e44352e23dee646869fa104a3b2060a3/tomli-2.0.1.tar.gz", hash = "sha256:de526c12914f0c550d15924c62d72abc48d6fe7364aa87328337a31007fe8a4f", size = 15164, upload-time = "2022-02-08T10:54:04.006Z" }
wheels = [
    { url = "https://files.pythonhosted.org/packages/97/75/10a9ebee3fd790d20926a90a2547f0bf78f371b2f13aa822c759680ca7b9/tomli-2.0.1-py3-none-any.whl", hash = "sha256:939de3e7a6161af0c887ef91b7d41a53e7c5a1ca976325f429cb46ea9bc30ecc", size = 12757, upload-time = "2022-02-08T10:54:02.017Z" },
]

[[package]]
name = "typer"
version = "0.9.0"
source = { registry = "https://pypi.org/simple" }
dependencies = [
    { name = "click" },
    { name = "typing-extensions" },
]
sdist = { url = "https://files.pythonhosted.org/packages/5b/49/39f10d0f75886439ab3dac889f14f8ad511982a754e382c9b6ca895b29e9/typer-0.9.0.tar.gz", hash = "sha256:50922fd79aea2f4751a8e0408ff10d2662bd0c8bbfa84755a699f3bada2978b2", size = 273985, upload-time = "2023-05-02T05:20:57.63Z" }
wheels = [
    { url = "https://files.pythonhosted.org/packages/bf/0e/c68adf10adda05f28a6ed7b9f4cd7b8e07f641b44af88ba72d9c89e4de7a/typer-0.9.0-py3-none-any.whl", hash = "sha256:5d96d986a21493606a358cae4461bd8cdf83cbf33a5aa950ae629ca3b51467ee", size = 45861, upload-time = "2023-05-02T05:20:55.675Z" },
]

[[package]]
name = "types-pytz"
version = "2024.1.0.20240203"
source = { registry = "https://pypi.org/simple" }
sdist = { url = "https://files.pythonhosted.org/packages/d1/80/0a2ef56b9977898789b7a0ab8d8ec32e19159e8c5d5aef203fccf4bbc4ed/types-pytz-2024.1.0.20240203.tar.gz", hash = "sha256:c93751ee20dfc6e054a0148f8f5227b9a00b79c90a4d3c9f464711a73179c89e", size = 5205, upload-time = "2024-02-03T02:10:34.913Z" }
wheels = [
    { url = "https://files.pythonhosted.org/packages/fc/6c/42a83a27bef09295b8d26866d690fd50d53b7fa27a961779daf0bb8f3b0c/types_pytz-2024.1.0.20240203-py3-none-any.whl", hash = "sha256:9679eef0365db3af91ef7722c199dbb75ee5c1b67e3c4dd7bfbeb1b8a71c21a3", size = 5072, upload-time = "2024-02-03T02:10:33.33Z" },
]

[[package]]
name = "types-requests"
version = "2.31.0.20240403"
source = { registry = "https://pypi.org/simple" }
dependencies = [
    { name = "urllib3" },
]
sdist = { url = "https://files.pythonhosted.org/packages/72/53/ab3e63b4e4cabda4c38d1f5daa3353669f10bddc6411d6ca7840973b2ac3/types-requests-2.31.0.20240403.tar.gz", hash = "sha256:e1e0cd0b655334f39d9f872b68a1310f0e343647688bf2cee932ec4c2b04de59", size = 17093, upload-time = "2024-04-03T02:15:16.082Z" }
wheels = [
    { url = "https://files.pythonhosted.org/packages/6d/05/f9ccc1e7c1760367686834637ca41f2c13cb865c5c3e0505d18c9110cd9b/types_requests-2.31.0.20240403-py3-none-any.whl", hash = "sha256:06abf6a68f5c4f2a62f6bb006672dfb26ed50ccbfddb281e1ee6f09a65707d5d", size = 15331, upload-time = "2024-04-03T02:15:14.135Z" },
]

[[package]]
name = "types-tabulate"
version = "0.9.0.20240106"
source = { registry = "https://pypi.org/simple" }
sdist = { url = "https://files.pythonhosted.org/packages/cf/9d/65b82ce032fd1cc4df752461175a800c1cfc336461f07ceff10c6a5913eb/types-tabulate-0.9.0.20240106.tar.gz", hash = "sha256:c9b6db10dd7fcf55bd1712dd3537f86ddce72a08fd62bb1af4338c7096ce947e", size = 3442, upload-time = "2024-01-06T02:20:24.337Z" }
wheels = [
    { url = "https://files.pythonhosted.org/packages/f0/17/d53c0bb370100313df6800e9096bdfc27b32b8e4a9390bfb35bc4b17db78/types_tabulate-0.9.0.20240106-py3-none-any.whl", hash = "sha256:0378b7b6fe0ccb4986299496d027a6d4c218298ecad67199bbd0e2d7e9d335a1", size = 3350, upload-time = "2024-01-06T02:20:23.192Z" },
]

[[package]]
name = "typing-extensions"
version = "4.9.0"
source = { registry = "https://pypi.org/simple" }
sdist = { url = "https://files.pythonhosted.org/packages/0c/1d/eb26f5e75100d531d7399ae800814b069bc2ed2a7410834d57374d010d96/typing_extensions-4.9.0.tar.gz", hash = "sha256:23478f88c37f27d76ac8aee6c905017a143b0b1b886c3c9f66bc2fd94f9f5783", size = 74918, upload-time = "2023-12-10T01:14:22.627Z" }
wheels = [
    { url = "https://files.pythonhosted.org/packages/b7/f4/6a90020cd2d93349b442bfcb657d0dc91eee65491600b2cb1d388bc98e6b/typing_extensions-4.9.0-py3-none-any.whl", hash = "sha256:af72aea155e91adfc61c3ae9e0e342dbc0cba726d6cba4b6c72c1f34e47291cd", size = 32750, upload-time = "2023-12-10T01:14:20.617Z" },
]

[[package]]
name = "urllib3"
version = "2.2.0"
source = { registry = "https://pypi.org/simple" }
sdist = { url = "https://files.pythonhosted.org/packages/e2/cc/abf6746cc90bc52df4ba730f301b89b3b844d6dc133cb89a01cfe2511eb9/urllib3-2.2.0.tar.gz", hash = "sha256:051d961ad0c62a94e50ecf1af379c3aba230c66c710493493560c0c223c49f20", size = 287152, upload-time = "2024-01-30T15:18:07.629Z" }
wheels = [
    { url = "https://files.pythonhosted.org/packages/88/75/311454fd3317aefe18415f04568edc20218453b709c63c58b9292c71be17/urllib3-2.2.0-py3-none-any.whl", hash = "sha256:ce3711610ddce217e6d113a2732fafad960a03fd0318c91faa79481e35c11224", size = 120877, upload-time = "2024-01-30T15:18:04.978Z" },
]

[[package]]
name = "windows-curses"
version = "2.3.2"
source = { registry = "https://pypi.org/simple" }
wheels = [
    { url = "https://files.pythonhosted.org/packages/4d/0b/0b6ae5c59235a5163ec8f8290e2bb2c6f2521f5d9f2a0cfd6fab5e5e7aef/windows_curses-2.3.2-cp310-cp310-win32.whl", hash = "sha256:0286d35c9a2589731af3cf2b1251635a400f4b61aef2b9c081f6c98e7887a170", size = 69847, upload-time = "2023-10-31T09:47:35.018Z" },
    { url = "https://files.pythonhosted.org/packages/24/f2/53ee9cdd21df3e63c4076acf15b111df3d85de90a1795c8773fc47326f93/windows_curses-2.3.2-cp310-cp310-win_amd64.whl", hash = "sha256:b5e68520c7e92dff72914e4126cadb5b8eb3b6c968d955de6d35ff42306da8c0", size = 80426, upload-time = "2023-10-31T09:47:36.443Z" },
]
